// !$*UTF8*$!
{
	archiveVersion = 1;
	classes = {
	};
	objectVersion = 56;
	objects = {

/* Begin PBXBuildFile section */
		0B60D02E2BCFFD6800881215 /* ProfileViewController.swift in Sources */ = {isa = PBXBuildFile; fileRef = 0B60D02D2BCFFD6800881215 /* ProfileViewController.swift */; };
		0BF3CF542BCCC148004F702E /* AppDelegate.swift in Sources */ = {isa = PBXBuildFile; fileRef = 0BF3CF532BCCC148004F702E /* AppDelegate.swift */; };
		0BF3CF562BCCC148004F702E /* SceneDelegate.swift in Sources */ = {isa = PBXBuildFile; fileRef = 0BF3CF552BCCC148004F702E /* SceneDelegate.swift */; };
		0BF3CF582BCCC148004F702E /* ViewController.swift in Sources */ = {isa = PBXBuildFile; fileRef = 0BF3CF572BCCC148004F702E /* ViewController.swift */; };
		0BF3CF5B2BCCC148004F702E /* Main.storyboard in Resources */ = {isa = PBXBuildFile; fileRef = 0BF3CF592BCCC148004F702E /* Main.storyboard */; };
		0BF3CF5E2BCCC148004F702E /* wishListApp.xcdatamodeld in Sources */ = {isa = PBXBuildFile; fileRef = 0BF3CF5C2BCCC148004F702E /* wishListApp.xcdatamodeld */; };
		0BF3CF602BCCC14A004F702E /* Assets.xcassets in Resources */ = {isa = PBXBuildFile; fileRef = 0BF3CF5F2BCCC14A004F702E /* Assets.xcassets */; };
		0BF3CF632BCCC14A004F702E /* LaunchScreen.storyboard in Resources */ = {isa = PBXBuildFile; fileRef = 0BF3CF612BCCC14A004F702E /* LaunchScreen.storyboard */; };
		0BFD22102BCCD33F00BFF89C /* HomeViewController.swift in Sources */ = {isa = PBXBuildFile; fileRef = 0BFD220F2BCCD33F00BFF89C /* HomeViewController.swift */; };
		0BFD22172BCCE90400BFF89C /* Product+CoreDataClass.swift in Sources */ = {isa = PBXBuildFile; fileRef = 0BFD22152BCCE90400BFF89C /* Product+CoreDataClass.swift */; };
		0BFD22182BCCE90400BFF89C /* Product+CoreDataProperties.swift in Sources */ = {isa = PBXBuildFile; fileRef = 0BFD22162BCCE90400BFF89C /* Product+CoreDataProperties.swift */; };
		0BFD221C2BCCE99C00BFF89C /* CoreDataManager.swift in Sources */ = {isa = PBXBuildFile; fileRef = 0BFD221B2BCCE99C00BFF89C /* CoreDataManager.swift */; };
		0BFD22262BCD171B00BFF89C /* CollectionCellController.swift in Sources */ = {isa = PBXBuildFile; fileRef = 0BFD22252BCD171B00BFF89C /* CollectionCellController.swift */; };
		0BFD22302BCD41FC00BFF89C /* DetailViewController.swift in Sources */ = {isa = PBXBuildFile; fileRef = 0BFD222F2BCD41FC00BFF89C /* DetailViewController.swift */; };
/* End PBXBuildFile section */

/* Begin PBXFileReference section */
		0B60D02D2BCFFD6800881215 /* ProfileViewController.swift */ = {isa = PBXFileReference; fileEncoding = 4; lastKnownFileType = sourcecode.swift; path = ProfileViewController.swift; sourceTree = "<group>"; };
		0BF3CF502BCCC148004F702E /* wishListApp.app */ = {isa = PBXFileReference; explicitFileType = wrapper.application; includeInIndex = 0; path = wishListApp.app; sourceTree = BUILT_PRODUCTS_DIR; };
		0BF3CF532BCCC148004F702E /* AppDelegate.swift */ = {isa = PBXFileReference; lastKnownFileType = sourcecode.swift; path = AppDelegate.swift; sourceTree = "<group>"; };
		0BF3CF552BCCC148004F702E /* SceneDelegate.swift */ = {isa = PBXFileReference; lastKnownFileType = sourcecode.swift; path = SceneDelegate.swift; sourceTree = "<group>"; };
		0BF3CF572BCCC148004F702E /* ViewController.swift */ = {isa = PBXFileReference; lastKnownFileType = sourcecode.swift; path = ViewController.swift; sourceTree = "<group>"; };
		0BF3CF5A2BCCC148004F702E /* Base */ = {isa = PBXFileReference; lastKnownFileType = file.storyboard; name = Base; path = Base.lproj/Main.storyboard; sourceTree = "<group>"; };
		0BF3CF5D2BCCC148004F702E /* wishListApp.xcdatamodel */ = {isa = PBXFileReference; lastKnownFileType = wrapper.xcdatamodel; path = wishListApp.xcdatamodel; sourceTree = "<group>"; };
		0BF3CF5F2BCCC14A004F702E /* Assets.xcassets */ = {isa = PBXFileReference; lastKnownFileType = folder.assetcatalog; path = Assets.xcassets; sourceTree = "<group>"; };
		0BF3CF622BCCC14A004F702E /* Base */ = {isa = PBXFileReference; lastKnownFileType = file.storyboard; name = Base; path = Base.lproj/LaunchScreen.storyboard; sourceTree = "<group>"; };
		0BF3CF642BCCC14A004F702E /* Info.plist */ = {isa = PBXFileReference; lastKnownFileType = text.plist.xml; path = Info.plist; sourceTree = "<group>"; };
		0BFD220F2BCCD33F00BFF89C /* HomeViewController.swift */ = {isa = PBXFileReference; lastKnownFileType = sourcecode.swift; path = HomeViewController.swift; sourceTree = "<group>"; };
		0BFD22152BCCE90400BFF89C /* Product+CoreDataClass.swift */ = {isa = PBXFileReference; lastKnownFileType = sourcecode.swift; path = "Product+CoreDataClass.swift"; sourceTree = "<group>"; };
		0BFD22162BCCE90400BFF89C /* Product+CoreDataProperties.swift */ = {isa = PBXFileReference; lastKnownFileType = sourcecode.swift; path = "Product+CoreDataProperties.swift"; sourceTree = "<group>"; };
		0BFD221B2BCCE99C00BFF89C /* CoreDataManager.swift */ = {isa = PBXFileReference; fileEncoding = 4; lastKnownFileType = sourcecode.swift; path = CoreDataManager.swift; sourceTree = "<group>"; };
		0BFD22252BCD171B00BFF89C /* CollectionCellController.swift */ = {isa = PBXFileReference; fileEncoding = 4; lastKnownFileType = sourcecode.swift; path = CollectionCellController.swift; sourceTree = "<group>"; };
		0BFD222F2BCD41FC00BFF89C /* DetailViewController.swift */ = {isa = PBXFileReference; lastKnownFileType = sourcecode.swift; path = DetailViewController.swift; sourceTree = "<group>"; };
/* End PBXFileReference section */

/* Begin PBXFrameworksBuildPhase section */
		0BF3CF4D2BCCC148004F702E /* Frameworks */ = {
			isa = PBXFrameworksBuildPhase;
			buildActionMask = 2147483647;
			files = (
			);
			runOnlyForDeploymentPostprocessing = 0;
		};
/* End PBXFrameworksBuildPhase section */

/* Begin PBXGroup section */
		0BB9E8902BCFB27E00F880DA /* Models */ = {
			isa = PBXGroup;
			children = (
				0BFD221B2BCCE99C00BFF89C /* CoreDataManager.swift */,
			);
			path = Models;
			sourceTree = "<group>";
		};
		0BB9E8912BCFB28F00F880DA /* Views */ = {
			isa = PBXGroup;
			children = (
				0BF3CF592BCCC148004F702E /* Main.storyboard */,
				0BF3CF612BCCC14A004F702E /* LaunchScreen.storyboard */,
			);
			path = Views;
			sourceTree = "<group>";
		};
		0BB9E8922BCFB29500F880DA /* Controllers */ = {
			isa = PBXGroup;
			children = (
				0BF3CF572BCCC148004F702E /* ViewController.swift */,
				0BFD222F2BCD41FC00BFF89C /* DetailViewController.swift */,
				0BFD220F2BCCD33F00BFF89C /* HomeViewController.swift */,
				0B60D02D2BCFFD6800881215 /* ProfileViewController.swift */,
				0BFD22252BCD171B00BFF89C /* CollectionCellController.swift */,
			);
			path = Controllers;
			sourceTree = "<group>";
		};
		0BB9E8932BCFB2E800F880DA /* Support */ = {
			isa = PBXGroup;
			children = (
				0BF3CF532BCCC148004F702E /* AppDelegate.swift */,
				0BF3CF552BCCC148004F702E /* SceneDelegate.swift */,
				0BF3CF5F2BCCC14A004F702E /* Assets.xcassets */,
			);
			path = Support;
			sourceTree = "<group>";
		};
		0BF3CF472BCCC148004F702E = {
			isa = PBXGroup;
			children = (
				0BFD22152BCCE90400BFF89C /* Product+CoreDataClass.swift */,
				0BFD22162BCCE90400BFF89C /* Product+CoreDataProperties.swift */,
				0BF3CF522BCCC148004F702E /* wishListApp */,
				0BF3CF512BCCC148004F702E /* Products */,
			);
			sourceTree = "<group>";
		};
		0BF3CF512BCCC148004F702E /* Products */ = {
			isa = PBXGroup;
			children = (
				0BF3CF502BCCC148004F702E /* wishListApp.app */,
			);
			name = Products;
			sourceTree = "<group>";
		};
		0BF3CF522BCCC148004F702E /* wishListApp */ = {
			isa = PBXGroup;
			children = (
				0BB9E8932BCFB2E800F880DA /* Support */,
				0BB9E8922BCFB29500F880DA /* Controllers */,
				0BB9E8912BCFB28F00F880DA /* Views */,
				0BB9E8902BCFB27E00F880DA /* Models */,
				0BF3CF642BCCC14A004F702E /* Info.plist */,
				0BF3CF5C2BCCC148004F702E /* wishListApp.xcdatamodeld */,
			);
			path = wishListApp;
			sourceTree = "<group>";
		};
/* End PBXGroup section */

/* Begin PBXNativeTarget section */
		0BF3CF4F2BCCC148004F702E /* wishListApp */ = {
			isa = PBXNativeTarget;
			buildConfigurationList = 0BF3CF672BCCC14A004F702E /* Build configuration list for PBXNativeTarget "wishListApp" */;
			buildPhases = (
				0BF3CF4C2BCCC148004F702E /* Sources */,
				0BF3CF4D2BCCC148004F702E /* Frameworks */,
				0BF3CF4E2BCCC148004F702E /* Resources */,
			);
			buildRules = (
			);
			dependencies = (
			);
			name = wishListApp;
			productName = wishListApp;
			productReference = 0BF3CF502BCCC148004F702E /* wishListApp.app */;
			productType = "com.apple.product-type.application";
		};
/* End PBXNativeTarget section */

/* Begin PBXProject section */
		0BF3CF482BCCC148004F702E /* Project object */ = {
			isa = PBXProject;
			attributes = {
				BuildIndependentTargetsInParallel = 1;
				LastSwiftUpdateCheck = 1510;
				LastUpgradeCheck = 1510;
				TargetAttributes = {
					0BF3CF4F2BCCC148004F702E = {
						CreatedOnToolsVersion = 15.1;
					};
				};
			};
			buildConfigurationList = 0BF3CF4B2BCCC148004F702E /* Build configuration list for PBXProject "wishListApp" */;
			compatibilityVersion = "Xcode 14.0";
			developmentRegion = en;
			hasScannedForEncodings = 0;
			knownRegions = (
				en,
				Base,
			);
			mainGroup = 0BF3CF472BCCC148004F702E;
			productRefGroup = 0BF3CF512BCCC148004F702E /* Products */;
			projectDirPath = "";
			projectRoot = "";
			targets = (
				0BF3CF4F2BCCC148004F702E /* wishListApp */,
			);
		};
/* End PBXProject section */

/* Begin PBXResourcesBuildPhase section */
		0BF3CF4E2BCCC148004F702E /* Resources */ = {
			isa = PBXResourcesBuildPhase;
			buildActionMask = 2147483647;
			files = (
				0BF3CF632BCCC14A004F702E /* LaunchScreen.storyboard in Resources */,
				0BF3CF602BCCC14A004F702E /* Assets.xcassets in Resources */,
				0BF3CF5B2BCCC148004F702E /* Main.storyboard in Resources */,
			);
			runOnlyForDeploymentPostprocessing = 0;
		};
/* End PBXResourcesBuildPhase section */

/* Begin PBXSourcesBuildPhase section */
		0BF3CF4C2BCCC148004F702E /* Sources */ = {
			isa = PBXSourcesBuildPhase;
			buildActionMask = 2147483647;
			files = (
				0BFD22182BCCE90400BFF89C /* Product+CoreDataProperties.swift in Sources */,
				0BF3CF5E2BCCC148004F702E /* wishListApp.xcdatamodeld in Sources */,
				0BF3CF582BCCC148004F702E /* ViewController.swift in Sources */,
				0BF3CF542BCCC148004F702E /* AppDelegate.swift in Sources */,
				0BFD221C2BCCE99C00BFF89C /* CoreDataManager.swift in Sources */,
				0BFD22172BCCE90400BFF89C /* Product+CoreDataClass.swift in Sources */,
				0B60D02E2BCFFD6800881215 /* ProfileViewController.swift in Sources */,
				0BFD22262BCD171B00BFF89C /* CollectionCellController.swift in Sources */,
				0BF3CF562BCCC148004F702E /* SceneDelegate.swift in Sources */,
				0BFD22302BCD41FC00BFF89C /* DetailViewController.swift in Sources */,
				0BFD22102BCCD33F00BFF89C /* HomeViewController.swift in Sources */,
			);
			runOnlyForDeploymentPostprocessing = 0;
		};
/* End PBXSourcesBuildPhase section */

/* Begin PBXVariantGroup section */
		0BF3CF592BCCC148004F702E /* Main.storyboard */ = {
			isa = PBXVariantGroup;
			children = (
				0BF3CF5A2BCCC148004F702E /* Base */,
			);
			name = Main.storyboard;
			sourceTree = "<group>";
		};
		0BF3CF612BCCC14A004F702E /* LaunchScreen.storyboard */ = {
			isa = PBXVariantGroup;
			children = (
				0BF3CF622BCCC14A004F702E /* Base */,
			);
			name = LaunchScreen.storyboard;
			sourceTree = "<group>";
		};
/* End PBXVariantGroup section */

/* Begin XCBuildConfiguration section */
		0BF3CF652BCCC14A004F702E /* Debug */ = {
			isa = XCBuildConfiguration;
			buildSettings = {
				ALWAYS_SEARCH_USER_PATHS = NO;
				ASSETCATALOG_COMPILER_GENERATE_SWIFT_ASSET_SYMBOL_EXTENSIONS = YES;
				CLANG_ANALYZER_NONNULL = YES;
				CLANG_ANALYZER_NUMBER_OBJECT_CONVERSION = YES_AGGRESSIVE;
				CLANG_CXX_LANGUAGE_STANDARD = "gnu++20";
				CLANG_ENABLE_MODULES = YES;
				CLANG_ENABLE_OBJC_ARC = YES;
				CLANG_ENABLE_OBJC_WEAK = YES;
				CLANG_WARN_BLOCK_CAPTURE_AUTORELEASING = YES;
				CLANG_WARN_BOOL_CONVERSION = YES;
				CLANG_WARN_COMMA = YES;
				CLANG_WARN_CONSTANT_CONVERSION = YES;
				CLANG_WARN_DEPRECATED_OBJC_IMPLEMENTATIONS = YES;
				CLANG_WARN_DIRECT_OBJC_ISA_USAGE = YES_ERROR;
				CLANG_WARN_DOCUMENTATION_COMMENTS = YES;
				CLANG_WARN_EMPTY_BODY = YES;
				CLANG_WARN_ENUM_CONVERSION = YES;
				CLANG_WARN_INFINITE_RECURSION = YES;
				CLANG_WARN_INT_CONVERSION = YES;
				CLANG_WARN_NON_LITERAL_NULL_CONVERSION = YES;
				CLANG_WARN_OBJC_IMPLICIT_RETAIN_SELF = YES;
				CLANG_WARN_OBJC_LITERAL_CONVERSION = YES;
				CLANG_WARN_OBJC_ROOT_CLASS = YES_ERROR;
				CLANG_WARN_QUOTED_INCLUDE_IN_FRAMEWORK_HEADER = YES;
				CLANG_WARN_RANGE_LOOP_ANALYSIS = YES;
				CLANG_WARN_STRICT_PROTOTYPES = YES;
				CLANG_WARN_SUSPICIOUS_MOVE = YES;
				CLANG_WARN_UNGUARDED_AVAILABILITY = YES_AGGRESSIVE;
				CLANG_WARN_UNREACHABLE_CODE = YES;
				CLANG_WARN__DUPLICATE_METHOD_MATCH = YES;
				COPY_PHASE_STRIP = NO;
				DEBUG_INFORMATION_FORMAT = dwarf;
				ENABLE_STRICT_OBJC_MSGSEND = YES;
				ENABLE_TESTABILITY = YES;
				ENABLE_USER_SCRIPT_SANDBOXING = YES;
				GCC_C_LANGUAGE_STANDARD = gnu17;
				GCC_DYNAMIC_NO_PIC = NO;
				GCC_NO_COMMON_BLOCKS = YES;
				GCC_OPTIMIZATION_LEVEL = 0;
				GCC_PREPROCESSOR_DEFINITIONS = (
					"DEBUG=1",
					"$(inherited)",
				);
				GCC_WARN_64_TO_32_BIT_CONVERSION = YES;
				GCC_WARN_ABOUT_RETURN_TYPE = YES_ERROR;
				GCC_WARN_UNDECLARED_SELECTOR = YES;
				GCC_WARN_UNINITIALIZED_AUTOS = YES_AGGRESSIVE;
				GCC_WARN_UNUSED_FUNCTION = YES;
				GCC_WARN_UNUSED_VARIABLE = YES;
				IPHONEOS_DEPLOYMENT_TARGET = 17.2;
				LOCALIZATION_PREFERS_STRING_CATALOGS = YES;
				MTL_ENABLE_DEBUG_INFO = INCLUDE_SOURCE;
				MTL_FAST_MATH = YES;
				ONLY_ACTIVE_ARCH = YES;
				SDKROOT = iphoneos;
				SWIFT_ACTIVE_COMPILATION_CONDITIONS = "DEBUG $(inherited)";
				SWIFT_OPTIMIZATION_LEVEL = "-Onone";
			};
			name = Debug;
		};
		0BF3CF662BCCC14A004F702E /* Release */ = {
			isa = XCBuildConfiguration;
			buildSettings = {
				ALWAYS_SEARCH_USER_PATHS = NO;
				ASSETCATALOG_COMPILER_GENERATE_SWIFT_ASSET_SYMBOL_EXTENSIONS = YES;
				CLANG_ANALYZER_NONNULL = YES;
				CLANG_ANALYZER_NUMBER_OBJECT_CONVERSION = YES_AGGRESSIVE;
				CLANG_CXX_LANGUAGE_STANDARD = "gnu++20";
				CLANG_ENABLE_MODULES = YES;
				CLANG_ENABLE_OBJC_ARC = YES;
				CLANG_ENABLE_OBJC_WEAK = YES;
				CLANG_WARN_BLOCK_CAPTURE_AUTORELEASING = YES;
				CLANG_WARN_BOOL_CONVERSION = YES;
				CLANG_WARN_COMMA = YES;
				CLANG_WARN_CONSTANT_CONVERSION = YES;
				CLANG_WARN_DEPRECATED_OBJC_IMPLEMENTATIONS = YES;
				CLANG_WARN_DIRECT_OBJC_ISA_USAGE = YES_ERROR;
				CLANG_WARN_DOCUMENTATION_COMMENTS = YES;
				CLANG_WARN_EMPTY_BODY = YES;
				CLANG_WARN_ENUM_CONVERSION = YES;
				CLANG_WARN_INFINITE_RECURSION = YES;
				CLANG_WARN_INT_CONVERSION = YES;
				CLANG_WARN_NON_LITERAL_NULL_CONVERSION = YES;
				CLANG_WARN_OBJC_IMPLICIT_RETAIN_SELF = YES;
				CLANG_WARN_OBJC_LITERAL_CONVERSION = YES;
				CLANG_WARN_OBJC_ROOT_CLASS = YES_ERROR;
				CLANG_WARN_QUOTED_INCLUDE_IN_FRAMEWORK_HEADER = YES;
				CLANG_WARN_RANGE_LOOP_ANALYSIS = YES;
				CLANG_WARN_STRICT_PROTOTYPES = YES;
				CLANG_WARN_SUSPICIOUS_MOVE = YES;
				CLANG_WARN_UNGUARDED_AVAILABILITY = YES_AGGRESSIVE;
				CLANG_WARN_UNREACHABLE_CODE = YES;
				CLANG_WARN__DUPLICATE_METHOD_MATCH = YES;
				COPY_PHASE_STRIP = NO;
				DEBUG_INFORMATION_FORMAT = "dwarf-with-dsym";
				ENABLE_NS_ASSERTIONS = NO;
				ENABLE_STRICT_OBJC_MSGSEND = YES;
				ENABLE_USER_SCRIPT_SANDBOXING = YES;
				GCC_C_LANGUAGE_STANDARD = gnu17;
				GCC_NO_COMMON_BLOCKS = YES;
				GCC_WARN_64_TO_32_BIT_CONVERSION = YES;
				GCC_WARN_ABOUT_RETURN_TYPE = YES_ERROR;
				GCC_WARN_UNDECLARED_SELECTOR = YES;
				GCC_WARN_UNINITIALIZED_AUTOS = YES_AGGRESSIVE;
				GCC_WARN_UNUSED_FUNCTION = YES;
				GCC_WARN_UNUSED_VARIABLE = YES;
				IPHONEOS_DEPLOYMENT_TARGET = 17.2;
				LOCALIZATION_PREFERS_STRING_CATALOGS = YES;
				MTL_ENABLE_DEBUG_INFO = NO;
				MTL_FAST_MATH = YES;
				SDKROOT = iphoneos;
				SWIFT_COMPILATION_MODE = wholemodule;
				VALIDATE_PRODUCT = YES;
			};
			name = Release;
		};
		0BF3CF682BCCC14A004F702E /* Debug */ = {
			isa = XCBuildConfiguration;
			buildSettings = {
				ASSETCATALOG_COMPILER_APPICON_NAME = AppIcon;
				ASSETCATALOG_COMPILER_GLOBAL_ACCENT_COLOR_NAME = AccentColor;
				CODE_SIGN_STYLE = Automatic;
				CURRENT_PROJECT_VERSION = 1;
				DEVELOPMENT_TEAM = KWVJ99C465;
				GENERATE_INFOPLIST_FILE = YES;
				INFOPLIST_FILE = wishListApp/Info.plist;
				INFOPLIST_KEY_UIApplicationSupportsIndirectInputEvents = YES;
				INFOPLIST_KEY_UILaunchStoryboardName = LaunchScreen;
				INFOPLIST_KEY_UIMainStoryboardFile = Main;
				INFOPLIST_KEY_UISupportedInterfaceOrientations_iPad = "UIInterfaceOrientationPortrait UIInterfaceOrientationPortraitUpsideDown UIInterfaceOrientationLandscapeLeft UIInterfaceOrientationLandscapeRight";
				INFOPLIST_KEY_UISupportedInterfaceOrientations_iPhone = "UIInterfaceOrientationPortrait UIInterfaceOrientationLandscapeLeft UIInterfaceOrientationLandscapeRight";
				LD_RUNPATH_SEARCH_PATHS = (
					"$(inherited)",
					"@executable_path/Frameworks",
				);
				MARKETING_VERSION = 1.0;
				PRODUCT_BUNDLE_IDENTIFIER = kr.xoul.wishListApp;
				PRODUCT_NAME = "$(TARGET_NAME)";
				SWIFT_EMIT_LOC_STRINGS = YES;
				SWIFT_VERSION = 5.0;
				TARGETED_DEVICE_FAMILY = "1,2";
			};
			name = Debug;
		};
		0BF3CF692BCCC14A004F702E /* Release */ = {
			isa = XCBuildConfiguration;
			buildSettings = {
				ASSETCATALOG_COMPILER_APPICON_NAME = AppIcon;
				ASSETCATALOG_COMPILER_GLOBAL_ACCENT_COLOR_NAME = AccentColor;
				CODE_SIGN_STYLE = Automatic;
				CURRENT_PROJECT_VERSION = 1;
				DEVELOPMENT_TEAM = KWVJ99C465;
				GENERATE_INFOPLIST_FILE = YES;
				INFOPLIST_FILE = wishListApp/Info.plist;
				INFOPLIST_KEY_UIApplicationSupportsIndirectInputEvents = YES;
				INFOPLIST_KEY_UILaunchStoryboardName = LaunchScreen;
				INFOPLIST_KEY_UIMainStoryboardFile = Main;
				INFOPLIST_KEY_UISupportedInterfaceOrientations_iPad = "UIInterfaceOrientationPortrait UIInterfaceOrientationPortraitUpsideDown UIInterfaceOrientationLandscapeLeft UIInterfaceOrientationLandscapeRight";
				INFOPLIST_KEY_UISupportedInterfaceOrientations_iPhone = "UIInterfaceOrientationPortrait UIInterfaceOrientationLandscapeLeft UIInterfaceOrientationLandscapeRight";
				LD_RUNPATH_SEARCH_PATHS = (
					"$(inherited)",
					"@executable_path/Frameworks",
				);
				MARKETING_VERSION = 1.0;
				PRODUCT_BUNDLE_IDENTIFIER = kr.xoul.wishListApp;
				PRODUCT_NAME = "$(TARGET_NAME)";
				SWIFT_EMIT_LOC_STRINGS = YES;
				SWIFT_VERSION = 5.0;
				TARGETED_DEVICE_FAMILY = "1,2";
			};
			name = Release;
		};
/* End XCBuildConfiguration section */

/* Begin XCConfigurationList section */
		0BF3CF4B2BCCC148004F702E /* Build configuration list for PBXProject "wishListApp" */ = {
			isa = XCConfigurationList;
			buildConfigurations = (
				0BF3CF652BCCC14A004F702E /* Debug */,
				0BF3CF662BCCC14A004F702E /* Release */,
			);
			defaultConfigurationIsVisible = 0;
			defaultConfigurationName = Release;
		};
		0BF3CF672BCCC14A004F702E /* Build configuration list for PBXNativeTarget "wishListApp" */ = {
			isa = XCConfigurationList;
			buildConfigurations = (
				0BF3CF682BCCC14A004F702E /* Debug */,
				0BF3CF692BCCC14A004F702E /* Release */,
			);
			defaultConfigurationIsVisible = 0;
			defaultConfigurationName = Release;
		};
/* End XCConfigurationList section */

/* Begin XCVersionGroup section */
		0BF3CF5C2BCCC148004F702E /* wishListApp.xcdatamodeld */ = {
			isa = XCVersionGroup;
			children = (
				0BF3CF5D2BCCC148004F702E /* wishListApp.xcdatamodel */,
			);
			currentVersion = 0BF3CF5D2BCCC148004F702E /* wishListApp.xcdatamodel */;
			path = wishListApp.xcdatamodeld;
			sourceTree = "<group>";
			versionGroupType = wrapper.xcdatamodel;
		};
/* End XCVersionGroup section */
	};
	rootObject = 0BF3CF482BCCC148004F702E /* Project object */;
}
